
Microsoft Visual Studio Solution File, Format Version 12.00
# Visual Studio 15
VisualStudioVersion = 15.0.27004.2009
MinimumVisualStudioVersion = 10.0.40219.1
Project("{8BC9CEB8-8B4A-11D0-8D11-00A0C91BC942}") = "Hidden", "Hidden\Hidden.vcxproj", "{3E4BBCD0-DC35-4825-9A8D-8686CDFAA6A8}"
EndProject
Global
	GlobalSection(SolutionConfigurationPlatforms) = preSolution
		Debug|Win32 = Debug|Win32
		Debug|x64 = Debug|x64
		Release|Win32 = Release|Win32
		Release|x64 = Release|x64
	EndGlobalSection
	GlobalSection(ProjectConfigurationPlatforms) = postSolution
		{3E4BBCD0-DC35-4825-9A8D-8686CDFAA6A8}.Debug|Win32.ActiveCfg = Debug|Win32
		{3E4BBCD0-DC35-4825-9A8D-8686CDFAA6A8}.Debug|Win32.Build.0 = Debug|Win32
		{3E4BBCD0-DC35-4825-9A8D-8686CDFAA6A8}.Debug|Win32.Deploy.0 = Debug|Win32
		{3E4BBCD0-DC35-4825-9A8D-8686CDFAA6A8}.Debug|x64.ActiveCfg = Debug|x64
		{3E4BBCD0-DC35-4825-9A8D-8686CDFAA6A8}.Debug|x64.Build.0 = Debug|x64
		{3E4BBCD0-DC35-4825-9A8D-8686CDFAA6A8}.Debug|x64.Deploy.0 = Debug|x64
		{3E4BBCD0-DC35-4825-9A8D-8686CDFAA6A8}.Release|Win32.ActiveCfg = Release|Win32
		{3E4BBCD0-DC35-4825-9A8D-8686CDFAA6A8}.Release|Win32.Build.0 = Release|Win32
		{3E4BBCD0-DC35-4825-9A8D-8686CDFAA6A8}.Release|Win32.Deploy.0 = Release|Win32
		{3E4BBCD0-DC35-4825-9A8D-8686CDFAA6A8}.Release|x64.ActiveCfg = Release|x64
		{3E4BBCD0-DC35-4825-9A8D-8686CDFAA6A8}.Release|x64.Build.0 = Release|x64
		{3E4BBCD0-DC35-4825-9A8D-8686CDFAA6A8}.Release|x64.Deploy.0 = Release|x64
	EndGlobalSection
	GlobalSection(SolutionProperties) = preSolution
		HideSolutionNode = FALSE
	EndGlobalSection
	GlobalSection(ExtensibilityGlobals) = postSolution
		SolutionGuid = {C5D83A86-0F54-4BDA-AC4B-ADEB0BBB4B23}
	EndGlobalSection
EndGlobal
